
Microsoft Visual Studio Solution File, Format Version 12.00
# Visual Studio Version 16
VisualStudioVersion = 16.0.31129.286
MinimumVisualStudioVersion = 10.0.40219.1
Project("{9A19103F-16F7-4668-BE54-9A1E7A4F7556}") = "HomeWork1", "HomeWork1\HomeWork1.csproj", "{98FAE3C2-2E3D-434E-A3BC-7173E844E110}"
EndProject
Project("{FAE04EC0-301F-11D3-BF4B-00C04F79EFBC}") = "WebAppProject", "WebAppProject\WebAppProject.csproj", "{CFBC95F7-AF67-44E9-80E7-8C335D94C343}"
EndProject
Global
	GlobalSection(SolutionConfigurationPlatforms) = preSolution
		Debug|Any CPU = Debug|Any CPU
		Release|Any CPU = Release|Any CPU
	EndGlobalSection
	GlobalSection(ProjectConfigurationPlatforms) = postSolution
		{98FAE3C2-2E3D-434E-A3BC-7173E844E110}.Debug|Any CPU.ActiveCfg = Debug|Any CPU
		{98FAE3C2-2E3D-434E-A3BC-7173E844E110}.Debug|Any CPU.Build.0 = Debug|Any CPU
		{98FAE3C2-2E3D-434E-A3BC-7173E844E110}.Release|Any CPU.ActiveCfg = Release|Any CPU
		{98FAE3C2-2E3D-434E-A3BC-7173E844E110}.Release|Any CPU.Build.0 = Release|Any CPU
		{CFBC95F7-AF67-44E9-80E7-8C335D94C343}.Debug|Any CPU.ActiveCfg = Debug|Any CPU
		{CFBC95F7-AF67-44E9-80E7-8C335D94C343}.Debug|Any CPU.Build.0 = Debug|Any CPU
		{CFBC95F7-AF67-44E9-80E7-8C335D94C343}.Release|Any CPU.ActiveCfg = Release|Any CPU
		{CFBC95F7-AF67-44E9-80E7-8C335D94C343}.Release|Any CPU.Build.0 = Release|Any CPU
	EndGlobalSection
	GlobalSection(SolutionProperties) = preSolution
		HideSolutionNode = FALSE
	EndGlobalSection
	GlobalSection(ExtensibilityGlobals) = postSolution
		SolutionGuid = {8F428C6B-3FB2-4EA3-9FC1-0CF48E2275B2}
	EndGlobalSection
EndGlobal
